Microsoft Visual Studio Solution File, Format Version 12.00
# Visual Studio Version 17
VisualStudioVersion = 17.5.2.0
MinimumVisualStudioVersion = 10.0.40219.1
Project("{FAE04EC0-301F-11D3-BF4B-00C04F79EFBC}") = "Clinic2026_API", "Clinic2026_API.csproj", "{D0089942-8A16-6543-AB82-1D6AFE9B5D8F}"
EndProject
Global
	GlobalSection(SolutionConfigurationPlatforms) = preSolution
		Debug|Any CPU = Debug|Any CPU
		Release|Any CPU = Release|Any CPU
	EndGlobalSection
	GlobalSection(ProjectConfigurationPlatforms) = postSolution
		{D0089942-8A16-6543-AB82-1D6AFE9B5D8F}.Debug|Any CPU.ActiveCfg = Debug|Any CPU
		{D0089942-8A16-6543-AB82-1D6AFE9B5D8F}.Debug|Any CPU.Build.0 = Debug|Any CPU
		{D0089942-8A16-6543-AB82-1D6AFE9B5D8F}.Release|Any CPU.ActiveCfg = Release|Any CPU
		{D0089942-8A16-6543-AB82-1D6AFE9B5D8F}.Release|Any CPU.Build.0 = Release|Any CPU
	EndGlobalSection
	GlobalSection(SolutionProperties) = preSolution
		HideSolutionNode = FALSE
	EndGlobalSection
	GlobalSection(ExtensibilityGlobals) = postSolution
		SolutionGuid = {AFBE1B19-8704-45F9-B227-AD0272662647}
	EndGlobalSection
EndGlobal
